// !$*UTF8*$!
{
	archiveVersion = 1;
	classes = {
	};
	objectVersion = 56;
	objects = {

/* Begin PBXBuildFile section */
		6233F12E29CFDF8000F8F643 /* ShellOutput.swift in Sources */ = {isa = PBXBuildFile; fileRef = 6233F12D29CFDF8000F8F643 /* ShellOutput.swift */; };
		6268F5A929CE60E0004E3170 /* SwiftShellApp.swift in Sources */ = {isa = PBXBuildFile; fileRef = 6268F5A829CE60E0004E3170 /* SwiftShellApp.swift */; };
		6268F5AB29CE60E0004E3170 /* ContentView.swift in Sources */ = {isa = PBXBuildFile; fileRef = 6268F5AA29CE60E0004E3170 /* ContentView.swift */; };
		6268F5AD29CE60E0004E3170 /* Assets.xcassets in Resources */ = {isa = PBXBuildFile; fileRef = 6268F5AC29CE60E0004E3170 /* Assets.xcassets */; };
		6268F5B029CE60E0004E3170 /* Preview Assets.xcassets in Resources */ = {isa = PBXBuildFile; fileRef = 6268F5AF29CE60E0004E3170 /* Preview Assets.xcassets */; };
		6268F5BA29CE6117004E3170 /* ShellModel.swift in Sources */ = {isa = PBXBuildFile; fileRef = 6268F5B929CE6117004E3170 /* ShellModel.swift */; };
		6268F5BD29CE6375004E3170 /* SwiftShellError.swift in Sources */ = {isa = PBXBuildFile; fileRef = 6268F5BC29CE6375004E3170 /* SwiftShellError.swift */; };
		627EB56029D1277A003B347F /* TestFile.swift in Sources */ = {isa = PBXBuildFile; fileRef = 627EB55F29D1277A003B347F /* TestFile.swift */; };
/* End PBXBuildFile section */

/* Begin PBXFileReference section */
		6233F12D29CFDF8000F8F643 /* ShellOutput.swift */ = {isa = PBXFileReference; lastKnownFileType = sourcecode.swift; path = ShellOutput.swift; sourceTree = "<group>"; };
		6268F5A529CE60E0004E3170 /* SwiftShell.app */ = {isa = PBXFileReference; explicitFileType = wrapper.application; includeInIndex = 0; path = SwiftShell.app; sourceTree = BUILT_PRODUCTS_DIR; };
		6268F5A829CE60E0004E3170 /* SwiftShellApp.swift */ = {isa = PBXFileReference; lastKnownFileType = sourcecode.swift; path = SwiftShellApp.swift; sourceTree = "<group>"; };
		6268F5AA29CE60E0004E3170 /* ContentView.swift */ = {isa = PBXFileReference; lastKnownFileType = sourcecode.swift; path = ContentView.swift; sourceTree = "<group>"; };
		6268F5AC29CE60E0004E3170 /* Assets.xcassets */ = {isa = PBXFileReference; lastKnownFileType = folder.assetcatalog; path = Assets.xcassets; sourceTree = "<group>"; };
		6268F5AF29CE60E0004E3170 /* Preview Assets.xcassets */ = {isa = PBXFileReference; lastKnownFileType = folder.assetcatalog; path = "Preview Assets.xcassets"; sourceTree = "<group>"; };
		6268F5B129CE60E0004E3170 /* SwiftShell.entitlements */ = {isa = PBXFileReference; lastKnownFileType = text.plist.entitlements; path = SwiftShell.entitlements; sourceTree = "<group>"; };
		6268F5B929CE6117004E3170 /* ShellModel.swift */ = {isa = PBXFileReference; lastKnownFileType = sourcecode.swift; path = ShellModel.swift; sourceTree = "<group>"; };
		6268F5BC29CE6375004E3170 /* SwiftShellError.swift */ = {isa = PBXFileReference; lastKnownFileType = sourcecode.swift; path = SwiftShellError.swift; sourceTree = "<group>"; };
		627EB55F29D1277A003B347F /* TestFile.swift */ = {isa = PBXFileReference; lastKnownFileType = sourcecode.swift; path = TestFile.swift; sourceTree = "<group>"; };
/* End PBXFileReference section */

/* Begin PBXFrameworksBuildPhase section */
		6268F5A229CE60E0004E3170 /* Frameworks */ = {
			isa = PBXFrameworksBuildPhase;
			buildActionMask = 2147483647;
			files = (
			);
			runOnlyForDeploymentPostprocessing = 0;
		};
/* End PBXFrameworksBuildPhase section */

/* Begin PBXGroup section */
		6233F12C29CFDF6800F8F643 /* Models */ = {
			isa = PBXGroup;
			children = (
				6233F12D29CFDF8000F8F643 /* ShellOutput.swift */,
			);
			path = Models;
			sourceTree = "<group>";
		};
		6268F59C29CE60E0004E3170 = {
			isa = PBXGroup;
			children = (
				6268F5A729CE60E0004E3170 /* SwiftShell */,
				6268F5A629CE60E0004E3170 /* Products */,
			);
			sourceTree = "<group>";
		};
		6268F5A629CE60E0004E3170 /* Products */ = {
			isa = PBXGroup;
			children = (
				6268F5A529CE60E0004E3170 /* SwiftShell.app */,
			);
			name = Products;
			sourceTree = "<group>";
		};
		6268F5A729CE60E0004E3170 /* SwiftShell */ = {
			isa = PBXGroup;
			children = (
				6268F5A829CE60E0004E3170 /* SwiftShellApp.swift */,
				6268F5B729CE60E8004E3170 /* Views */,
				6268F5B829CE60ED004E3170 /* View Models */,
				6233F12C29CFDF6800F8F643 /* Models */,
				6268F5BB29CE6362004E3170 /* Helpers */,
				6268F5AC29CE60E0004E3170 /* Assets.xcassets */,
				6268F5B129CE60E0004E3170 /* SwiftShell.entitlements */,
				6268F5AE29CE60E0004E3170 /* Preview Content */,
			);
			path = SwiftShell;
			sourceTree = "<group>";
		};
		6268F5AE29CE60E0004E3170 /* Preview Content */ = {
			isa = PBXGroup;
			children = (
				6268F5AF29CE60E0004E3170 /* Preview Assets.xcassets */,
			);
			path = "Preview Content";
			sourceTree = "<group>";
		};
		6268F5B729CE60E8004E3170 /* Views */ = {
			isa = PBXGroup;
			children = (
				6268F5AA29CE60E0004E3170 /* ContentView.swift */,
			);
			path = Views;
			sourceTree = "<group>";
		};
		6268F5B829CE60ED004E3170 /* View Models */ = {
			isa = PBXGroup;
			children = (
				6268F5B929CE6117004E3170 /* ShellModel.swift */,
			);
			path = "View Models";
			sourceTree = "<group>";
		};
		6268F5BB29CE6362004E3170 /* Helpers */ = {
			isa = PBXGroup;
			children = (
				6268F5BC29CE6375004E3170 /* SwiftShellError.swift */,
				627EB55F29D1277A003B347F /* TestFile.swift */,
			);
			path = Helpers;
			sourceTree = "<group>";
		};
/* End PBXGroup section */

/* Begin PBXNativeTarget section */
		6268F5A429CE60E0004E3170 /* SwiftShell */ = {
			isa = PBXNativeTarget;
			buildConfigurationList = 6268F5B429CE60E0004E3170 /* Build configuration list for PBXNativeTarget "SwiftShell" */;
			buildPhases = (
				6268F5A129CE60E0004E3170 /* Sources */,
				6268F5A229CE60E0004E3170 /* Frameworks */,
				6268F5A329CE60E0004E3170 /* Resources */,
			);
			buildRules = (
			);
			dependencies = (
			);
			name = SwiftShell;
			productName = SwiftShell;
			productReference = 6268F5A529CE60E0004E3170 /* SwiftShell.app */;
			productType = "com.apple.product-type.application";
		};
/* End PBXNativeTarget section */

/* Begin PBXProject section */
		6268F59D29CE60E0004E3170 /* Project object */ = {
			isa = PBXProject;
			attributes = {
				BuildIndependentTargetsInParallel = 1;
				LastSwiftUpdateCheck = 1420;
				LastUpgradeCheck = 1420;
				TargetAttributes = {
					6268F5A429CE60E0004E3170 = {
						CreatedOnToolsVersion = 14.2;
					};
				};
			};
			buildConfigurationList = 6268F5A029CE60E0004E3170 /* Build configuration list for PBXProject "SwiftShell" */;
			compatibilityVersion = "Xcode 14.0";
			developmentRegion = en;
			hasScannedForEncodings = 0;
			knownRegions = (
				en,
				Base,
			);
			mainGroup = 6268F59C29CE60E0004E3170;
			productRefGroup = 6268F5A629CE60E0004E3170 /* Products */;
			projectDirPath = "";
			projectRoot = "";
			targets = (
				6268F5A429CE60E0004E3170 /* SwiftShell */,
			);
		};
/* End PBXProject section */

/* Begin PBXResourcesBuildPhase section */
		6268F5A329CE60E0004E3170 /* Resources */ = {
			isa = PBXResourcesBuildPhase;
			buildActionMask = 2147483647;
			files = (
				6268F5B029CE60E0004E3170 /* Preview Assets.xcassets in Resources */,
				6268F5AD29CE60E0004E3170 /* Assets.xcassets in Resources */,
			);
			runOnlyForDeploymentPostprocessing = 0;
		};
/* End PBXResourcesBuildPhase section */

/* Begin PBXSourcesBuildPhase section */
		6268F5A129CE60E0004E3170 /* Sources */ = {
			isa = PBXSourcesBuildPhase;
			buildActionMask = 2147483647;
			files = (
				6268F5BA29CE6117004E3170 /* ShellModel.swift in Sources */,
				6268F5BD29CE6375004E3170 /* SwiftShellError.swift in Sources */,
				6233F12E29CFDF8000F8F643 /* ShellOutput.swift in Sources */,
				627EB56029D1277A003B347F /* TestFile.swift in Sources */,
				6268F5AB29CE60E0004E3170 /* ContentView.swift in Sources */,
				6268F5A929CE60E0004E3170 /* SwiftShellApp.swift in Sources */,
			);
			runOnlyForDeploymentPostprocessing = 0;
		};
/* End PBXSourcesBuildPhase section */

/* Begin XCBuildConfiguration section */
		6268F5B229CE60E0004E3170 /* Debug */ = {
			isa = XCBuildConfiguration;
			buildSettings = {
				ALWAYS_SEARCH_USER_PATHS = NO;
				CLANG_ANALYZER_NONNULL = YES;
				CLANG_ANALYZER_NUMBER_OBJECT_CONVERSION = YES_AGGRESSIVE;
				CLANG_CXX_LANGUAGE_STANDARD = "gnu++20";
				CLANG_ENABLE_MODULES = YES;
				CLANG_ENABLE_OBJC_ARC = YES;
				CLANG_ENABLE_OBJC_WEAK = YES;
				CLANG_WARN_BLOCK_CAPTURE_AUTORELEASING = YES;
				CLANG_WARN_BOOL_CONVERSION = YES;
				CLANG_WARN_COMMA = YES;
				CLANG_WARN_CONSTANT_CONVERSION = YES;
				CLANG_WARN_DEPRECATED_OBJC_IMPLEMENTATIONS = YES;
				CLANG_WARN_DIRECT_OBJC_ISA_USAGE = YES_ERROR;
				CLANG_WARN_DOCUMENTATION_COMMENTS = YES;
				CLANG_WARN_EMPTY_BODY = YES;
				CLANG_WARN_ENUM_CONVERSION = YES;
				CLANG_WARN_INFINITE_RECURSION = YES;
				CLANG_WARN_INT_CONVERSION = YES;
				CLANG_WARN_NON_LITERAL_NULL_CONVERSION = YES;
				CLANG_WARN_OBJC_IMPLICIT_RETAIN_SELF = YES;
				CLANG_WARN_OBJC_LITERAL_CONVERSION = YES;
				CLANG_WARN_OBJC_ROOT_CLASS = YES_ERROR;
				CLANG_WARN_QUOTED_INCLUDE_IN_FRAMEWORK_HEADER = YES;
				CLANG_WARN_RANGE_LOOP_ANALYSIS = YES;
				CLANG_WARN_STRICT_PROTOTYPES = YES;
				CLANG_WARN_SUSPICIOUS_MOVE = YES;
				CLANG_WARN_UNGUARDED_AVAILABILITY = YES_AGGRESSIVE;
				CLANG_WARN_UNREACHABLE_CODE = YES;
				CLANG_WARN__DUPLICATE_METHOD_MATCH = YES;
				COPY_PHASE_STRIP = NO;
				DEBUG_INFORMATION_FORMAT = dwarf;
				ENABLE_STRICT_OBJC_MSGSEND = YES;
				ENABLE_TESTABILITY = YES;
				GCC_C_LANGUAGE_STANDARD = gnu11;
				GCC_DYNAMIC_NO_PIC = NO;
				GCC_NO_COMMON_BLOCKS = YES;
				GCC_OPTIMIZATION_LEVEL = 0;
				GCC_PREPROCESSOR_DEFINITIONS = (
					"DEBUG=1",
					"$(inherited)",
				);
				GCC_WARN_64_TO_32_BIT_CONVERSION = YES;
				GCC_WARN_ABOUT_RETURN_TYPE = YES_ERROR;
				GCC_WARN_UNDECLARED_SELECTOR = YES;
				GCC_WARN_UNINITIALIZED_AUTOS = YES_AGGRESSIVE;
				GCC_WARN_UNUSED_FUNCTION = YES;
				GCC_WARN_UNUSED_VARIABLE = YES;
				MACOSX_DEPLOYMENT_TARGET = 13.1;
				MTL_ENABLE_DEBUG_INFO = INCLUDE_SOURCE;
				MTL_FAST_MATH = YES;
				ONLY_ACTIVE_ARCH = YES;
				SDKROOT = macosx;
				SWIFT_ACTIVE_COMPILATION_CONDITIONS = DEBUG;
				SWIFT_OPTIMIZATION_LEVEL = "-Onone";
			};
			name = Debug;
		};
		6268F5B329CE60E0004E3170 /* Release */ = {
			isa = XCBuildConfiguration;
			buildSettings = {
				ALWAYS_SEARCH_USER_PATHS = NO;
				CLANG_ANALYZER_NONNULL = YES;
				CLANG_ANALYZER_NUMBER_OBJECT_CONVERSION = YES_AGGRESSIVE;
				CLANG_CXX_LANGUAGE_STANDARD = "gnu++20";
				CLANG_ENABLE_MODULES = YES;
				CLANG_ENABLE_OBJC_ARC = YES;
				CLANG_ENABLE_OBJC_WEAK = YES;
				CLANG_WARN_BLOCK_CAPTURE_AUTORELEASING = YES;
				CLANG_WARN_BOOL_CONVERSION = YES;
				CLANG_WARN_COMMA = YES;
				CLANG_WARN_CONSTANT_CONVERSION = YES;
				CLANG_WARN_DEPRECATED_OBJC_IMPLEMENTATIONS = YES;
				CLANG_WARN_DIRECT_OBJC_ISA_USAGE = YES_ERROR;
				CLANG_WARN_DOCUMENTATION_COMMENTS = YES;
				CLANG_WARN_EMPTY_BODY = YES;
				CLANG_WARN_ENUM_CONVERSION = YES;
				CLANG_WARN_INFINITE_RECURSION = YES;
				CLANG_WARN_INT_CONVERSION = YES;
				CLANG_WARN_NON_LITERAL_NULL_CONVERSION = YES;
				CLANG_WARN_OBJC_IMPLICIT_RETAIN_SELF = YES;
				CLANG_WARN_OBJC_LITERAL_CONVERSION = YES;
				CLANG_WARN_OBJC_ROOT_CLASS = YES_ERROR;
				CLANG_WARN_QUOTED_INCLUDE_IN_FRAMEWORK_HEADER = YES;
				CLANG_WARN_RANGE_LOOP_ANALYSIS = YES;
				CLANG_WARN_STRICT_PROTOTYPES = YES;
				CLANG_WARN_SUSPICIOUS_MOVE = YES;
				CLANG_WARN_UNGUARDED_AVAILABILITY = YES_AGGRESSIVE;
				CLANG_WARN_UNREACHABLE_CODE = YES;
				CLANG_WARN__DUPLICATE_METHOD_MATCH = YES;
				COPY_PHASE_STRIP = NO;
				DEBUG_INFORMATION_FORMAT = "dwarf-with-dsym";
				ENABLE_NS_ASSERTIONS = NO;
				ENABLE_STRICT_OBJC_MSGSEND = YES;
				GCC_C_LANGUAGE_STANDARD = gnu11;
				GCC_NO_COMMON_BLOCKS = YES;
				GCC_WARN_64_TO_32_BIT_CONVERSION = YES;
				GCC_WARN_ABOUT_RETURN_TYPE = YES_ERROR;
				GCC_WARN_UNDECLARED_SELECTOR = YES;
				GCC_WARN_UNINITIALIZED_AUTOS = YES_AGGRESSIVE;
				GCC_WARN_UNUSED_FUNCTION = YES;
				GCC_WARN_UNUSED_VARIABLE = YES;
				MACOSX_DEPLOYMENT_TARGET = 13.1;
				MTL_ENABLE_DEBUG_INFO = NO;
				MTL_FAST_MATH = YES;
				SDKROOT = macosx;
				SWIFT_COMPILATION_MODE = wholemodule;
				SWIFT_OPTIMIZATION_LEVEL = "-O";
			};
			name = Release;
		};
		6268F5B529CE60E0004E3170 /* Debug */ = {
			isa = XCBuildConfiguration;
			buildSettings = {
				ALWAYS_EMBED_SWIFT_STANDARD_LIBRARIES = NO;
				ASSETCATALOG_COMPILER_APPICON_NAME = AppIcon;
				ASSETCATALOG_COMPILER_GLOBAL_ACCENT_COLOR_NAME = AccentColor;
				CODE_SIGN_ENTITLEMENTS = SwiftShell/SwiftShell.entitlements;
				"CODE_SIGN_IDENTITY[sdk=macosx*]" = "-";
				CODE_SIGN_STYLE = Automatic;
				COMBINE_HIDPI_IMAGES = YES;
				CURRENT_PROJECT_VERSION = 1;
				DEVELOPMENT_ASSET_PATHS = "\"SwiftShell/Preview Content\"";
				DEVELOPMENT_TEAM = BMNBE7JVDJ;
				ENABLE_HARDENED_RUNTIME = NO;
				ENABLE_PREVIEWS = YES;
				GENERATE_INFOPLIST_FILE = YES;
				INFOPLIST_KEY_NSHumanReadableCopyright = "";
				LD_RUNPATH_SEARCH_PATHS = (
					"$(inherited)",
					"@executable_path/../Frameworks",
				);
				MARKETING_VERSION = 1.0;
				PRODUCT_BUNDLE_IDENTIFIER = com.elihartnett.SwiftShell;
				PRODUCT_NAME = "$(TARGET_NAME)";
				SWIFT_EMIT_LOC_STRINGS = YES;
				SWIFT_VERSION = 5.0;
			};
			name = Debug;
		};
		6268F5B629CE60E0004E3170 /* Release */ = {
			isa = XCBuildConfiguration;
			buildSettings = {
				ALWAYS_EMBED_SWIFT_STANDARD_LIBRARIES = NO;
				ASSETCATALOG_COMPILER_APPICON_NAME = AppIcon;
				ASSETCATALOG_COMPILER_GLOBAL_ACCENT_COLOR_NAME = AccentColor;
				CODE_SIGN_ENTITLEMENTS = SwiftShell/SwiftShell.entitlements;
				"CODE_SIGN_IDENTITY[sdk=macosx*]" = "-";
				CODE_SIGN_STYLE = Automatic;
				COMBINE_HIDPI_IMAGES = YES;
				CURRENT_PROJECT_VERSION = 1;
				DEBUG_INFORMATION_FORMAT = "dwarf-with-dsym";
				DEVELOPMENT_ASSET_PATHS = "\"SwiftShell/Preview Content\"";
				DEVELOPMENT_TEAM = BMNBE7JVDJ;
				ENABLE_HARDENED_RUNTIME = NO;
				ENABLE_PREVIEWS = YES;
				GENERATE_INFOPLIST_FILE = YES;
				INFOPLIST_KEY_NSHumanReadableCopyright = "";
				LD_RUNPATH_SEARCH_PATHS = (
					"$(inherited)",
					"@executable_path/../Frameworks",
				);
				MARKETING_VERSION = 1.0;
				ONLY_ACTIVE_ARCH = NO;
				PRODUCT_BUNDLE_IDENTIFIER = com.elihartnett.SwiftShell;
				PRODUCT_NAME = "$(TARGET_NAME)";
				SWIFT_EMIT_LOC_STRINGS = YES;
				SWIFT_VERSION = 5.0;
			};
			name = Release;
		};
/* End XCBuildConfiguration section */

/* Begin XCConfigurationList section */
		6268F5A029CE60E0004E3170 /* Build configuration list for PBXProject "SwiftShell" */ = {
			isa = XCConfigurationList;
			buildConfigurations = (
				6268F5B229CE60E0004E3170 /* Debug */,
				6268F5B329CE60E0004E3170 /* Release */,
			);
			defaultConfigurationIsVisible = 0;
			defaultConfigurationName = Release;
		};
		6268F5B429CE60E0004E3170 /* Build configuration list for PBXNativeTarget "SwiftShell" */ = {
			isa = XCConfigurationList;
			buildConfigurations = (
				6268F5B529CE60E0004E3170 /* Debug */,
				6268F5B629CE60E0004E3170 /* Release */,
			);
			defaultConfigurationIsVisible = 0;
			defaultConfigurationName = Release;
		};
/* End XCConfigurationList section */
	};
	rootObject = 6268F59D29CE60E0004E3170 /* Project object */;
}
